{
  "name": "discord2irc",
  "version": "1.0.0",
  "lockfileVersion": 1,
  "requires": true,
  "dependencies": {
    "async-limiter": {
      "version": "1.0.0",
      "resolved": "https://registry.npmjs.org/async-limiter/-/async-limiter-1.0.0.tgz",
      "integrity": "sha512-jp/uFnooOiO+L211eZOoSyzpOITMXx1rBITauYykG3BRYPu8h0UcxsPNB04RR5vo4Tyz3+ay17tR6JVf9qzYWg=="
    },
    "colors": {
      "version": "1.1.2",
      "resolved": "https://registry.npmjs.org/colors/-/colors-1.1.2.tgz",
      "integrity": "sha1-FopHAXVran9RoSzgyXv6KMCE7WM="
    },
    "discord.js": {
      "version": "11.2.1",
      "resolved": "https://registry.npmjs.org/discord.js/-/discord.js-11.2.1.tgz",
      "integrity": "sha512-8Mor+IREVWHinjRd6Bu6OwRfT+ET/WEoLWMl8crFvBVcTFmaO/TSwP39C8QIGCB2YMVMYMdljjX/w17AUMemqg==",
      "requires": {
        "long": "3.2.0",
        "prism-media": "0.0.1",
        "snekfetch": "3.6.1",
        "tweetnacl": "1.0.0",
        "ws": "3.3.2"
      }
    },
    "iconv": {
      "version": "2.2.3",
      "resolved": "https://registry.npmjs.org/iconv/-/iconv-2.2.3.tgz",
      "integrity": "sha1-4ITWDut9c9p/CpwJbkyKvgkL+u0=",
      "optional": true,
      "requires": {
        "nan": "2.8.0"
      }
    },
    "irc": {
      "version": "0.5.2",
      "resolved": "https://registry.npmjs.org/irc/-/irc-0.5.2.tgz",
      "integrity": "sha1-NxT0doNlqW0LL3dryRFmvrJGS7w=",
      "requires": {
        "iconv": "2.2.3",
        "irc-colors": "1.4.1",
        "node-icu-charset-detector": "0.2.0"
      }
    },
    "irc-colors": {
      "version": "1.4.1",
      "resolved": "https://registry.npmjs.org/irc-colors/-/irc-colors-1.4.1.tgz",
      "integrity": "sha512-qWk9xUusWzQgpmi+nf6w1BF9RG4od+ievha61hTz4H0Jktbs9LldBT+jpqmKWPvCltVxs9tami6UbV8fmTOaqA=="
    },
    "long": {
      "version": "3.2.0",
      "resolved": "https://registry.npmjs.org/long/-/long-3.2.0.tgz",
      "integrity": "sha1-2CG3E4yhy1gcFymQ7xTbIAtcR0s="
    },
    "nan": {
      "version": "2.8.0",
      "resolved": "https://registry.npmjs.org/nan/-/nan-2.8.0.tgz",
      "integrity": "sha1-7XFfP+neArV6XmJS2QqWZ14fCFo=",
      "optional": true
    },
    "node-icu-charset-detector": {
      "version": "0.2.0",
      "resolved": "https://registry.npmjs.org/node-icu-charset-detector/-/node-icu-charset-detector-0.2.0.tgz",
      "integrity": "sha1-wjINo3Tdy2cfxUy0oOBB4Vb/1jk=",
      "optional": true,
      "requires": {
        "nan": "2.8.0"
      }
    },
    "prism-media": {
      "version": "0.0.1",
      "resolved": "https://registry.npmjs.org/prism-media/-/prism-media-0.0.1.tgz",
      "integrity": "sha1-o0JcnKvVDRxsAuVDlBoRiVZnvRA="
    },
    "safe-buffer": {
      "version": "5.1.1",
      "resolved": "https://registry.npmjs.org/safe-buffer/-/safe-buffer-5.1.1.tgz",
      "integrity": "sha512-kKvNJn6Mm93gAczWVJg7wH+wGYWNrDHdWvpUmHyEsgCtIwwo3bqPtV4tR5tuPaUhTOo/kvhVwd8XwwOllGYkbg=="
    },
    "snekfetch": {
      "version": "3.6.1",
      "resolved": "https://registry.npmjs.org/snekfetch/-/snekfetch-3.6.1.tgz",
      "integrity": "sha512-aLEvf1YR440pINb0LEo/SL2Q2s/A26+YEqPlx09A0XpGH7qWp8iqIFFolVILHn2yudWXJne9QWyQu+lzDp+ksQ=="
    },
    "tweetnacl": {
      "version": "1.0.0",
      "resolved": "https://registry.npmjs.org/tweetnacl/-/tweetnacl-1.0.0.tgz",
      "integrity": "sha1-cT2LgY2kIGh0C/aDhtBHnmb8ins="
    },
    "ultron": {
      "version": "1.1.1",
      "resolved": "https://registry.npmjs.org/ultron/-/ultron-1.1.1.tgz",
      "integrity": "sha512-UIEXBNeYmKptWH6z8ZnqTeS8fV74zG0/eRU9VGkpzz+LIJNs8W/zM/L+7ctCkRrgbNnnR0xxw4bKOr0cW0N0Og=="
    },
    "underscore": {
      "version": "1.8.3",
      "resolved": "https://registry.npmjs.org/underscore/-/underscore-1.8.3.tgz",
      "integrity": "sha1-Tz+1OxBuYJf8+ctBCfKl6b36UCI="
    },
    "ws": {
      "version": "3.3.2",
      "resolved": "https://registry.npmjs.org/ws/-/ws-3.3.2.tgz",
      "integrity": "sha512-t+WGpsNxhMR4v6EClXS8r8km5ZljKJzyGhJf7goJz9k5Ye3+b5Bvno5rjqPuIBn5mnn5GBb7o8IrIWHxX1qOLQ==",
      "requires": {
        "async-limiter": "1.0.0",
        "safe-buffer": "5.1.1",
        "ultron": "1.1.1"
      }
    }
  }
}
